Microsoft Visual Studio Solution File, Format Version 12.00
# Visual Studio Version 17
VisualStudioVersion = 17.5.2.0
MinimumVisualStudioVersion = 10.0.40219.1
Project("{FAE04EC0-301F-11D3-BF4B-00C04F79EFBC}") = "WeatherAPI", "WeatherAPI\WeatherAPI.csproj", "{A3906CE0-E2EF-98EE-A96A-75AF48E9F4E1}"
EndProject
Global
	GlobalSection(SolutionConfigurationPlatforms) = preSolution
		Debug|Any CPU = Debug|Any CPU
		Release|Any CPU = Release|Any CPU
	EndGlobalSection
	GlobalSection(ProjectConfigurationPlatforms) = postSolution
		{A3906CE0-E2EF-98EE-A96A-75AF48E9F4E1}.Debug|Any CPU.ActiveCfg = Debug|Any CPU
		{A3906CE0-E2EF-98EE-A96A-75AF48E9F4E1}.Debug|Any CPU.Build.0 = Debug|Any CPU
		{A3906CE0-E2EF-98EE-A96A-75AF48E9F4E1}.Release|Any CPU.ActiveCfg = Release|Any CPU
		{A3906CE0-E2EF-98EE-A96A-75AF48E9F4E1}.Release|Any CPU.Build.0 = Release|Any CPU
	EndGlobalSection
	GlobalSection(SolutionProperties) = preSolution
		HideSolutionNode = FALSE
	EndGlobalSection
	GlobalSection(ExtensibilityGlobals) = postSolution
		SolutionGuid = {6F34FD15-924C-45A3-9894-A48FFB26AB6C}
	EndGlobalSection
EndGlobal
